
Microsoft Visual Studio Solution File, Format Version 12.00
# Visual Studio Version 17
VisualStudioVersion = 17.2.32630.192
MinimumVisualStudioVersion = 10.0.40219.1
Project("{9A19103F-16F7-4668-BE54-9A1E7A4F7556}") = "AbbyWeb", "AbbyWeb\AbbyWeb.csproj", "{72931BD4-634D-4DCE-834B-95194817E246}"
EndProject
Global
	GlobalSection(SolutionConfigurationPlatforms) = preSolution
		Debug|Any CPU = Debug|Any CPU
		Release|Any CPU = Release|Any CPU
	EndGlobalSection
	GlobalSection(ProjectConfigurationPlatforms) = postSolution
		{72931BD4-634D-4DCE-834B-95194817E246}.Debug|Any CPU.ActiveCfg = Debug|Any CPU
		{72931BD4-634D-4DCE-834B-95194817E246}.Debug|Any CPU.Build.0 = Debug|Any CPU
		{72931BD4-634D-4DCE-834B-95194817E246}.Release|Any CPU.ActiveCfg = Release|Any CPU
		{72931BD4-634D-4DCE-834B-95194817E246}.Release|Any CPU.Build.0 = Release|Any CPU
	EndGlobalSection
	GlobalSection(SolutionProperties) = preSolution
		HideSolutionNode = FALSE
	EndGlobalSection
	GlobalSection(ExtensibilityGlobals) = postSolution
		SolutionGuid = {3ACA1995-3FCD-46D4-BA89-503301FD04B0}
	EndGlobalSection
EndGlobal
